
Microsoft Visual Studio Solution File, Format Version 12.00
# Visual Studio Version 16
VisualStudioVersion = 16.0.29409.12
MinimumVisualStudioVersion = 10.0.40219.1
Project("{9A19103F-16F7-4668-BE54-9A1E7A4F7556}") = "FaceDetector", "FaceDetector\FaceDetector.csproj", "{D4F16F09-226B-4DD5-975F-862548EAEAF7}"
EndProject
Project("{9A19103F-16F7-4668-BE54-9A1E7A4F7556}") = "FaceDetector.Domain", "FaceDetector.Domain\FaceDetector.Domain.csproj", "{93E4B62E-0BEA-4AAD-B32F-24343BBFFA88}"
EndProject
Project("{9A19103F-16F7-4668-BE54-9A1E7A4F7556}") = "FaceDetector.Services", "FaceDetector.Services\FaceDetector.Services.csproj", "{2E18FAAA-EBB0-46CB-86A8-D5E4CCDFBBC4}"
EndProject
Project("{9A19103F-16F7-4668-BE54-9A1E7A4F7556}") = "FaceDetector.Abstractions", "FaceDetector.Abstractions\FaceDetector.Abstractions.csproj", "{993ACD42-B4A5-4BC3-8A80-8DEC56D1F313}"
EndProject
Project("{E24C65DC-7377-472B-9ABA-BC803B73C61A}") = "faceappclient", "faceappclient\", "{6310746E-DC6D-4901-AD6C-0FE5C0AD7D44}"
	ProjectSection(WebsiteProperties) = preProject
		TargetFrameworkMoniker = ".NETFramework,Version%3Dv4.0"
		Debug.AspNetCompiler.VirtualPath = "/localhost_57435"
		Debug.AspNetCompiler.PhysicalPath = "faceappclient\"
		Debug.AspNetCompiler.TargetPath = "PrecompiledWeb\localhost_57435\"
		Debug.AspNetCompiler.Updateable = "false"
		Debug.AspNetCompiler.ForceOverwrite = "true"
		Debug.AspNetCompiler.FixedNames = "false"
		Debug.AspNetCompiler.Debug = "True"
		Release.AspNetCompiler.VirtualPath = "/localhost_57435"
		Release.AspNetCompiler.PhysicalPath = "faceappclient\"
		Release.AspNetCompiler.TargetPath = "PrecompiledWeb\localhost_57435\"
		Release.AspNetCompiler.Updateable = "false"
		Release.AspNetCompiler.ForceOverwrite = "true"
		Release.AspNetCompiler.FixedNames = "false"
		Release.AspNetCompiler.Debug = "False"
		VWDPort = "57435"
		SlnRelativePath = "faceappclient\"
	EndProjectSection
EndProject
Project("{9A19103F-16F7-4668-BE54-9A1E7A4F7556}") = "FaceDetector.Dtos", "FaceDetector.Dtos\FaceDetector.Dtos.csproj", "{8C726BA2-6BE7-4A01-94D4-6D5FCD66CCCB}"
EndProject
Global
	GlobalSection(SolutionConfigurationPlatforms) = preSolution
		Debug|Any CPU = Debug|Any CPU
		Release|Any CPU = Release|Any CPU
	EndGlobalSection
	GlobalSection(ProjectConfigurationPlatforms) = postSolution
		{D4F16F09-226B-4DD5-975F-862548EAEAF7}.Debug|Any CPU.ActiveCfg = Debug|Any CPU
		{D4F16F09-226B-4DD5-975F-862548EAEAF7}.Debug|Any CPU.Build.0 = Debug|Any CPU
		{D4F16F09-226B-4DD5-975F-862548EAEAF7}.Release|Any CPU.ActiveCfg = Debug|Any CPU
		{D4F16F09-226B-4DD5-975F-862548EAEAF7}.Release|Any CPU.Build.0 = Debug|Any CPU
		{93E4B62E-0BEA-4AAD-B32F-24343BBFFA88}.Debug|Any CPU.ActiveCfg = Debug|Any CPU
		{93E4B62E-0BEA-4AAD-B32F-24343BBFFA88}.Debug|Any CPU.Build.0 = Debug|Any CPU
		{93E4B62E-0BEA-4AAD-B32F-24343BBFFA88}.Release|Any CPU.ActiveCfg = Debug|Any CPU
		{93E4B62E-0BEA-4AAD-B32F-24343BBFFA88}.Release|Any CPU.Build.0 = Debug|Any CPU
		{2E18FAAA-EBB0-46CB-86A8-D5E4CCDFBBC4}.Debug|Any CPU.ActiveCfg = Debug|Any CPU
		{2E18FAAA-EBB0-46CB-86A8-D5E4CCDFBBC4}.Debug|Any CPU.Build.0 = Debug|Any CPU
		{2E18FAAA-EBB0-46CB-86A8-D5E4CCDFBBC4}.Release|Any CPU.ActiveCfg = Debug|Any CPU
		{2E18FAAA-EBB0-46CB-86A8-D5E4CCDFBBC4}.Release|Any CPU.Build.0 = Debug|Any CPU
		{993ACD42-B4A5-4BC3-8A80-8DEC56D1F313}.Debug|Any CPU.ActiveCfg = Debug|Any CPU
		{993ACD42-B4A5-4BC3-8A80-8DEC56D1F313}.Debug|Any CPU.Build.0 = Debug|Any CPU
		{993ACD42-B4A5-4BC3-8A80-8DEC56D1F313}.Release|Any CPU.ActiveCfg = Debug|Any CPU
		{993ACD42-B4A5-4BC3-8A80-8DEC56D1F313}.Release|Any CPU.Build.0 = Debug|Any CPU
		{6310746E-DC6D-4901-AD6C-0FE5C0AD7D44}.Debug|Any CPU.ActiveCfg = Debug|Any CPU
		{6310746E-DC6D-4901-AD6C-0FE5C0AD7D44}.Release|Any CPU.ActiveCfg = Debug|Any CPU
		{8C726BA2-6BE7-4A01-94D4-6D5FCD66CCCB}.Debug|Any CPU.ActiveCfg = Debug|Any CPU
		{8C726BA2-6BE7-4A01-94D4-6D5FCD66CCCB}.Debug|Any CPU.Build.0 = Debug|Any CPU
		{8C726BA2-6BE7-4A01-94D4-6D5FCD66CCCB}.Release|Any CPU.ActiveCfg = Release|Any CPU
		{8C726BA2-6BE7-4A01-94D4-6D5FCD66CCCB}.Release|Any CPU.Build.0 = Release|Any CPU
	EndGlobalSection
	GlobalSection(SolutionProperties) = preSolution
		HideSolutionNode = FALSE
	EndGlobalSection
	GlobalSection(ExtensibilityGlobals) = postSolution
		SolutionGuid = {B1C869CA-31A9-42D6-B43D-29478C75FF87}
	EndGlobalSection
EndGlobal
